
Microsoft Visual Studio Solution File, Format Version 10.00
# Visual Studio 2008
Project("{8BC9CEB8-8B4A-11D0-8D11-00A0C91BC942}") = "RStation", "RStation\RStation.vcproj", "{D62AA04B-D95D-47FA-8FE1-ECB99CF30C46}"
	ProjectSection(ProjectDependencies) = postProject
		{82321A1B-851F-4A52-835C-F10EACDB26CD} = {82321A1B-851F-4A52-835C-F10EACDB26CD}
		{BAA85EB9-BE33-45FB-B552-0AB3AC4D9CA9} = {BAA85EB9-BE33-45FB-B552-0AB3AC4D9CA9}
	EndProjectSection
EndProject
Project("{8BC9CEB8-8B4A-11D0-8D11-00A0C91BC942}") = "GLFW", "extern\glfw\support\msvc90\GLFW.vcproj", "{BAA85EB9-BE33-45FB-B552-0AB3AC4D9CA9}"
EndProject
Project("{8BC9CEB8-8B4A-11D0-8D11-00A0C91BC942}") = "libpng", "extern\libpng-1.2.44\projects\visualc71\libpng.vcproj", "{82321A1B-851F-4A52-835C-F10EACDB26CD}"
	ProjectSection(ProjectDependencies) = postProject
		{61BB3BAF-3AD7-4DA9-83BB-37A3DF9EC2FA} = {61BB3BAF-3AD7-4DA9-83BB-37A3DF9EC2FA}
	EndProjectSection
EndProject
Project("{8BC9CEB8-8B4A-11D0-8D11-00A0C91BC942}") = "zlib", "extern\libpng-1.2.44\projects\visualc71\zlib.vcproj", "{61BB3BAF-3AD7-4DA9-83BB-37A3DF9EC2FA}"
EndProject
Global
	GlobalSection(SolutionConfigurationPlatforms) = preSolution
		Debug|Win32 = Debug|Win32
		Debug|x64 = Debug|x64
		Release|Win32 = Release|Win32
		Release|x64 = Release|x64
	EndGlobalSection
	GlobalSection(ProjectConfigurationPlatforms) = postSolution
		{D62AA04B-D95D-47FA-8FE1-ECB99CF30C46}.Debug|Win32.ActiveCfg = Debug|Win32
		{D62AA04B-D95D-47FA-8FE1-ECB99CF30C46}.Debug|Win32.Build.0 = Debug|Win32
		{D62AA04B-D95D-47FA-8FE1-ECB99CF30C46}.Debug|x64.ActiveCfg = Debug|Win32
		{D62AA04B-D95D-47FA-8FE1-ECB99CF30C46}.Release|Win32.ActiveCfg = Release|Win32
		{D62AA04B-D95D-47FA-8FE1-ECB99CF30C46}.Release|Win32.Build.0 = Release|Win32
		{D62AA04B-D95D-47FA-8FE1-ECB99CF30C46}.Release|x64.ActiveCfg = Release|Win32
		{BAA85EB9-BE33-45FB-B552-0AB3AC4D9CA9}.Debug|Win32.ActiveCfg = Debug|Win32
		{BAA85EB9-BE33-45FB-B552-0AB3AC4D9CA9}.Debug|Win32.Build.0 = Debug|Win32
		{BAA85EB9-BE33-45FB-B552-0AB3AC4D9CA9}.Debug|x64.ActiveCfg = Debug|Win32
		{BAA85EB9-BE33-45FB-B552-0AB3AC4D9CA9}.Release|Win32.ActiveCfg = Release|Win32
		{BAA85EB9-BE33-45FB-B552-0AB3AC4D9CA9}.Release|Win32.Build.0 = Release|Win32
		{BAA85EB9-BE33-45FB-B552-0AB3AC4D9CA9}.Release|x64.ActiveCfg = Release|Win32
		{82321A1B-851F-4A52-835C-F10EACDB26CD}.Debug|Win32.ActiveCfg = LIB Debug|Win32
		{82321A1B-851F-4A52-835C-F10EACDB26CD}.Debug|Win32.Build.0 = LIB Debug|Win32
		{82321A1B-851F-4A52-835C-F10EACDB26CD}.Debug|x64.ActiveCfg = DLL VB|Win32
		{82321A1B-851F-4A52-835C-F10EACDB26CD}.Release|Win32.ActiveCfg = LIB Release|Win32
		{82321A1B-851F-4A52-835C-F10EACDB26CD}.Release|Win32.Build.0 = LIB Release|Win32
		{82321A1B-851F-4A52-835C-F10EACDB26CD}.Release|x64.ActiveCfg = LIB ASM Debug|Win32
		{61BB3BAF-3AD7-4DA9-83BB-37A3DF9EC2FA}.Debug|Win32.ActiveCfg = LIB Debug|Win32
		{61BB3BAF-3AD7-4DA9-83BB-37A3DF9EC2FA}.Debug|Win32.Build.0 = LIB Debug|Win32
		{61BB3BAF-3AD7-4DA9-83BB-37A3DF9EC2FA}.Debug|x64.ActiveCfg = DLL ASM Debug|Win32
		{61BB3BAF-3AD7-4DA9-83BB-37A3DF9EC2FA}.Release|Win32.ActiveCfg = LIB Release|Win32
		{61BB3BAF-3AD7-4DA9-83BB-37A3DF9EC2FA}.Release|Win32.Build.0 = LIB Release|Win32
		{61BB3BAF-3AD7-4DA9-83BB-37A3DF9EC2FA}.Release|x64.ActiveCfg = LIB ASM Debug|Win32
	EndGlobalSection
	GlobalSection(SolutionProperties) = preSolution
		HideSolutionNode = FALSE
	EndGlobalSection
EndGlobal
